
Microsoft Visual Studio Solution File, Format Version 12.00
# Visual Studio Version 16
VisualStudioVersion = 16.0.29009.5
MinimumVisualStudioVersion = 10.0.40219.1
Project("{FAE04EC0-301F-11D3-BF4B-00C04F79EFBC}") = "SalesWebMVC", "SalesWebMVC\SalesWebMVC.csproj", "{7D7FC45B-810E-4299-9D5A-8B0E04F3728D}"
EndProject
Global
	GlobalSection(SolutionConfigurationPlatforms) = preSolution
		Debug|Any CPU = Debug|Any CPU
		Release|Any CPU = Release|Any CPU
	EndGlobalSection
	GlobalSection(ProjectConfigurationPlatforms) = postSolution
		{7D7FC45B-810E-4299-9D5A-8B0E04F3728D}.Debug|Any CPU.ActiveCfg = Debug|Any CPU
		{7D7FC45B-810E-4299-9D5A-8B0E04F3728D}.Debug|Any CPU.Build.0 = Debug|Any CPU
		{7D7FC45B-810E-4299-9D5A-8B0E04F3728D}.Release|Any CPU.ActiveCfg = Release|Any CPU
		{7D7FC45B-810E-4299-9D5A-8B0E04F3728D}.Release|Any CPU.Build.0 = Release|Any CPU
	EndGlobalSection
	GlobalSection(SolutionProperties) = preSolution
		HideSolutionNode = FALSE
	EndGlobalSection
	GlobalSection(ExtensibilityGlobals) = postSolution
		SolutionGuid = {7865B934-A0DF-4E83-B846-7731007DCD17}
	EndGlobalSection
EndGlobal
